lockfileVersion: '9.0'

settings:
  autoInstallPeers: true
  excludeLinksFromLockfile: false

importers:

  .:
    devDependencies:
      typescript:
        specifier: ^5.0.0
        version: 5.9.3

  adapters/provider-claude:
    dependencies:
      '@rather-not-work-on/provider-runtime':
        specifier: workspace:*
        version: link:../../services/provider-runtime

  adapters/provider-codex:
    dependencies:
      '@rather-not-work-on/provider-runtime':
        specifier: workspace:*
        version: link:../../services/provider-runtime

  adapters/provider-local-llm:
    dependencies:
      '@rather-not-work-on/provider-runtime':
        specifier: workspace:*
        version: link:../../services/provider-runtime

  services/provider-gateway-composer:
    dependencies:
      '@rather-not-work-on/provider-claude':
        specifier: workspace:*
        version: link:../../adapters/provider-claude
      '@rather-not-work-on/provider-codex':
        specifier: workspace:*
        version: link:../../adapters/provider-codex
      '@rather-not-work-on/provider-local-llm':
        specifier: workspace:*
        version: link:../../adapters/provider-local-llm
      '@rather-not-work-on/provider-runtime':
        specifier: workspace:*
        version: link:../provider-runtime

  services/provider-runtime: {}

packages:

  typescript@5.9.3:
    resolution: {integrity: sha512-jl1vZzPDinLr9eUt3J/t7V6FgNEw9QjvBPdysz9KfQDD41fQrC2Y4vKQdiaUpFT4bXlb1RHhLpp8wtm6M5TgSw==}
    engines: {node: '>=14.17'}
    hasBin: true

snapshots:

  typescript@5.9.3: {}
